
Microsoft Visual Studio Solution File, Format Version 12.00
# Visual Studio Version 16
VisualStudioVersion = 16.0.31205.134
MinimumVisualStudioVersion = 10.0.40219.1
Project("{9A19103F-16F7-4668-BE54-9A1E7A4F7556}") = "TaxService", "TaxService\TaxService.csproj", "{8B3B187F-DAFC-4219-90CD-01D8907BAEAE}"
EndProject
Project("{9A19103F-16F7-4668-BE54-9A1E7A4F7556}") = "TaxServiceTests", "TaxServiceTests\TaxServiceTests.csproj", "{B334031D-E7F3-4EF0-8224-0676FCB5DB37}"
EndProject
Global
	GlobalSection(SolutionConfigurationPlatforms) = preSolution
		Debug|Any CPU = Debug|Any CPU
		Release|Any CPU = Release|Any CPU
	EndGlobalSection
	GlobalSection(ProjectConfigurationPlatforms) = postSolution
		{8B3B187F-DAFC-4219-90CD-01D8907BAEAE}.Debug|Any CPU.ActiveCfg = Debug|Any CPU
		{8B3B187F-DAFC-4219-90CD-01D8907BAEAE}.Debug|Any CPU.Build.0 = Debug|Any CPU
		{8B3B187F-DAFC-4219-90CD-01D8907BAEAE}.Release|Any CPU.ActiveCfg = Release|Any CPU
		{8B3B187F-DAFC-4219-90CD-01D8907BAEAE}.Release|Any CPU.Build.0 = Release|Any CPU
		{B334031D-E7F3-4EF0-8224-0676FCB5DB37}.Debug|Any CPU.ActiveCfg = Debug|Any CPU
		{B334031D-E7F3-4EF0-8224-0676FCB5DB37}.Debug|Any CPU.Build.0 = Debug|Any CPU
		{B334031D-E7F3-4EF0-8224-0676FCB5DB37}.Release|Any CPU.ActiveCfg = Release|Any CPU
		{B334031D-E7F3-4EF0-8224-0676FCB5DB37}.Release|Any CPU.Build.0 = Release|Any CPU
	EndGlobalSection
	GlobalSection(SolutionProperties) = preSolution
		HideSolutionNode = FALSE
	EndGlobalSection
	GlobalSection(ExtensibilityGlobals) = postSolution
		SolutionGuid = {D483E87E-0656-4502-88A3-30C0ABDCCDA2}
	EndGlobalSection
EndGlobal
